
Microsoft Visual Studio Solution File, Format Version 12.00
# Visual Studio Version 16
VisualStudioVersion = 25.0.1706.9
MinimumVisualStudioVersion = 10.0.40219.1
Project("{FAE04EC0-301F-11D3-BF4B-00C04F79EFBC}") = "BulkyWeb", "BulkyWeb\BulkyWeb.csproj", "{B7C28FB6-9985-42D5-9304-D71A5DC9220D}"
EndProject
Global
	GlobalSection(SolutionConfigurationPlatforms) = preSolution
		Debug|Any CPU = Debug|Any CPU
		Release|Any CPU = Release|Any CPU
	EndGlobalSection
	GlobalSection(ProjectConfigurationPlatforms) = postSolution
		{B7C28FB6-9985-42D5-9304-D71A5DC9220D}.Debug|Any CPU.ActiveCfg = Debug|Any CPU
		{B7C28FB6-9985-42D5-9304-D71A5DC9220D}.Debug|Any CPU.Build.0 = Debug|Any CPU
		{B7C28FB6-9985-42D5-9304-D71A5DC9220D}.Release|Any CPU.ActiveCfg = Release|Any CPU
		{B7C28FB6-9985-42D5-9304-D71A5DC9220D}.Release|Any CPU.Build.0 = Release|Any CPU
	EndGlobalSection
	GlobalSection(SolutionProperties) = preSolution
		HideSolutionNode = FALSE
	EndGlobalSection
	GlobalSection(ExtensibilityGlobals) = postSolution
		SolutionGuid = {2059F48F-F988-4C1D-9295-913AA232FF7D}
	EndGlobalSection
EndGlobal
